
Microsoft Visual Studio Solution File, Format Version 12.00
# Visual Studio Version 16
VisualStudioVersion = 16.0.32510.428
MinimumVisualStudioVersion = 10.0.40219.1
Project("{8BC9CEB8-8B4A-11D0-8D11-00A0C91BC942}") = "FTSMSM", "FTSMSM\FTSMSM.vcxproj", "{5C287D41-45ED-4034-821D-26DFB6E3894B}"
EndProject
Project("{8BC9CEB8-8B4A-11D0-8D11-00A0C91BC942}") = "FTSC", "FTSC\FTSC.vcxproj", "{50557742-3199-4F93-A185-009B7A1E29C9}"
EndProject
Global
	GlobalSection(SolutionConfigurationPlatforms) = preSolution
		Debug|x64 = Debug|x64
		Debug|x86 = Debug|x86
		Release|x64 = Release|x64
		Release|x86 = Release|x86
	EndGlobalSection
	GlobalSection(ProjectConfigurationPlatforms) = postSolution
		{5C287D41-45ED-4034-821D-26DFB6E3894B}.Debug|x64.ActiveCfg = Debug|x64
		{5C287D41-45ED-4034-821D-26DFB6E3894B}.Debug|x64.Build.0 = Debug|x64
		{5C287D41-45ED-4034-821D-26DFB6E3894B}.Debug|x86.ActiveCfg = Debug|Win32
		{5C287D41-45ED-4034-821D-26DFB6E3894B}.Debug|x86.Build.0 = Debug|Win32
		{5C287D41-45ED-4034-821D-26DFB6E3894B}.Release|x64.ActiveCfg = Release|x64
		{5C287D41-45ED-4034-821D-26DFB6E3894B}.Release|x64.Build.0 = Release|x64
		{5C287D41-45ED-4034-821D-26DFB6E3894B}.Release|x86.ActiveCfg = Release|Win32
		{5C287D41-45ED-4034-821D-26DFB6E3894B}.Release|x86.Build.0 = Release|Win32
		{50557742-3199-4F93-A185-009B7A1E29C9}.Debug|x64.ActiveCfg = Debug|x64
		{50557742-3199-4F93-A185-009B7A1E29C9}.Debug|x64.Build.0 = Debug|x64
		{50557742-3199-4F93-A185-009B7A1E29C9}.Debug|x86.ActiveCfg = Debug|Win32
		{50557742-3199-4F93-A185-009B7A1E29C9}.Debug|x86.Build.0 = Debug|Win32
		{50557742-3199-4F93-A185-009B7A1E29C9}.Release|x64.ActiveCfg = Release|x64
		{50557742-3199-4F93-A185-009B7A1E29C9}.Release|x64.Build.0 = Release|x64
		{50557742-3199-4F93-A185-009B7A1E29C9}.Release|x86.ActiveCfg = Release|Win32
		{50557742-3199-4F93-A185-009B7A1E29C9}.Release|x86.Build.0 = Release|Win32
	EndGlobalSection
	GlobalSection(SolutionProperties) = preSolution
		HideSolutionNode = FALSE
	EndGlobalSection
	GlobalSection(ExtensibilityGlobals) = postSolution
		SolutionGuid = {015610D8-25F1-4E6C-8EB9-DB678B98FBD6}
	EndGlobalSection
EndGlobal
